
Microsoft Visual Studio Solution File, Format Version 12.00
# Visual Studio 2012
Project("{FAE04EC0-301F-11D3-BF4B-00C04F79EFBC}") = "WindowsFormsApplication1", "WindowsFormsApplication1\WindowsFormsApplication1.csproj", "{C0524327-B021-41FE-8264-EB53A2E84C03}"
EndProject
Global
	GlobalSection(SolutionConfigurationPlatforms) = preSolution
		Debug|Any CPU = Debug|Any CPU
		Release|Any CPU = Release|Any CPU
	EndGlobalSection
	GlobalSection(ProjectConfigurationPlatforms) = postSolution
		{C0524327-B021-41FE-8264-EB53A2E84C03}.Debug|Any CPU.ActiveCfg = Debug|Any CPU
		{C0524327-B021-41FE-8264-EB53A2E84C03}.Debug|Any CPU.Build.0 = Debug|Any CPU
		{C0524327-B021-41FE-8264-EB53A2E84C03}.Release|Any CPU.ActiveCfg = Release|Any CPU
		{C0524327-B021-41FE-8264-EB53A2E84C03}.Release|Any CPU.Build.0 = Release|Any CPU
	EndGlobalSection
	GlobalSection(SolutionProperties) = preSolution
		HideSolutionNode = FALSE
	EndGlobalSection
EndGlobal
